Microsoft Visual Studio Solution File, Format Version 12.00
# Visual Studio Version 17
VisualStudioVersion = 17.5.2.0
MinimumVisualStudioVersion = 10.0.40219.1
Project("{FAE04EC0-301F-11D3-BF4B-00C04F79EFBC}") = "PetSafe", "PetSafe.csproj", "{56B25E6A-FCE7-786C-9813-CA39BD157AC4}"
EndProject
Global
	GlobalSection(SolutionConfigurationPlatforms) = preSolution
		Debug|Any CPU = Debug|Any CPU
		Release|Any CPU = Release|Any CPU
	EndGlobalSection
	GlobalSection(ProjectConfigurationPlatforms) = postSolution
		{56B25E6A-FCE7-786C-9813-CA39BD157AC4}.Debug|Any CPU.ActiveCfg = Debug|Any CPU
		{56B25E6A-FCE7-786C-9813-CA39BD157AC4}.Debug|Any CPU.Build.0 = Debug|Any CPU
		{56B25E6A-FCE7-786C-9813-CA39BD157AC4}.Release|Any CPU.ActiveCfg = Release|Any CPU
		{56B25E6A-FCE7-786C-9813-CA39BD157AC4}.Release|Any CPU.Build.0 = Release|Any CPU
	EndGlobalSection
	GlobalSection(SolutionProperties) = preSolution
		HideSolutionNode = FALSE
	EndGlobalSection
	GlobalSection(ExtensibilityGlobals) = postSolution
		SolutionGuid = {DDA97CC6-4BA6-4F60-91FB-6257F4FD2B48}
	EndGlobalSection
EndGlobal
